
Microsoft Visual Studio Solution File, Format Version 12.00
# Visual Studio Version 16
VisualStudioVersion = 16.0.31424.327
MinimumVisualStudioVersion = 10.0.40219.1
Project("{FAE04EC0-301F-11D3-BF4B-00C04F79EFBC}") = "01.ExcellentResult", "01.ExcellentResult\01.ExcellentResult.csproj", "{1281F53F-9440-4699-B89E-BA5C7B670F0A}"
EndProject
Project("{FAE04EC0-301F-11D3-BF4B-00C04F79EFBC}") = "02.GreaterNumber", "02.GreaterNumber\02.GreaterNumber.csproj", "{3F9F9FB8-0D30-4FAC-AB61-57A33ECAA03A}"
EndProject
Project("{FAE04EC0-301F-11D3-BF4B-00C04F79EFBC}") = "03.EvenOrOdd", "03.EvenOrOdd\03.EvenOrOdd.csproj", "{403A0905-EE86-4F9F-982D-8DA9557EBFA5}"
EndProject
Project("{FAE04EC0-301F-11D3-BF4B-00C04F79EFBC}") = "04.NumbersToText", "04.NumbersToText\04.NumbersToText.csproj", "{F2FD2F41-2F8B-46A9-A2A2-C0F685DDA3DD}"
EndProject
Project("{FAE04EC0-301F-11D3-BF4B-00C04F79EFBC}") = "05.Number100_200", "05.Number100_200\05.Number100_200.csproj", "{DA1E5976-A365-4057-A0D9-37A62962A058}"
EndProject
Project("{FAE04EC0-301F-11D3-BF4B-00C04F79EFBC}") = "06.PasswordGuess", "06.PasswordGuess\06.PasswordGuess.csproj", "{9D1205A4-073C-4DF8-A316-6C0CA5C3DCC2}"
EndProject
Project("{FAE04EC0-301F-11D3-BF4B-00C04F79EFBC}") = "07.AreaofFigures", "07.AreaofFigures\07.AreaofFigures.csproj", "{3AB9344B-0BE0-4916-BAF1-1EC42BE1547C}"
EndProject
Project("{FAE04EC0-301F-11D3-BF4B-00C04F79EFBC}") = "08.ToyShop", "08.ToyShop\08.ToyShop.csproj", "{E70A32D5-4776-443B-9A13-327A2E9283AE}"
EndProject
Global
	GlobalSection(SolutionConfigurationPlatforms) = preSolution
		Debug|Any CPU = Debug|Any CPU
		Release|Any CPU = Release|Any CPU
	EndGlobalSection
	GlobalSection(ProjectConfigurationPlatforms) = postSolution
		{1281F53F-9440-4699-B89E-BA5C7B670F0A}.Debug|Any CPU.ActiveCfg = Debug|Any CPU
		{1281F53F-9440-4699-B89E-BA5C7B670F0A}.Debug|Any CPU.Build.0 = Debug|Any CPU
		{1281F53F-9440-4699-B89E-BA5C7B670F0A}.Release|Any CPU.ActiveCfg = Release|Any CPU
		{1281F53F-9440-4699-B89E-BA5C7B670F0A}.Release|Any CPU.Build.0 = Release|Any CPU
		{3F9F9FB8-0D30-4FAC-AB61-57A33ECAA03A}.Debug|Any CPU.ActiveCfg = Debug|Any CPU
		{3F9F9FB8-0D30-4FAC-AB61-57A33ECAA03A}.Debug|Any CPU.Build.0 = Debug|Any CPU
		{3F9F9FB8-0D30-4FAC-AB61-57A33ECAA03A}.Release|Any CPU.ActiveCfg = Release|Any CPU
		{3F9F9FB8-0D30-4FAC-AB61-57A33ECAA03A}.Release|Any CPU.Build.0 = Release|Any CPU
		{403A0905-EE86-4F9F-982D-8DA9557EBFA5}.Debug|Any CPU.ActiveCfg = Debug|Any CPU
		{403A0905-EE86-4F9F-982D-8DA9557EBFA5}.Debug|Any CPU.Build.0 = Debug|Any CPU
		{403A0905-EE86-4F9F-982D-8DA9557EBFA5}.Release|Any CPU.ActiveCfg = Release|Any CPU
		{403A0905-EE86-4F9F-982D-8DA9557EBFA5}.Release|Any CPU.Build.0 = Release|Any CPU
		{F2FD2F41-2F8B-46A9-A2A2-C0F685DDA3DD}.Debug|Any CPU.ActiveCfg = Debug|Any CPU
		{F2FD2F41-2F8B-46A9-A2A2-C0F685DDA3DD}.Debug|Any CPU.Build.0 = Debug|Any CPU
		{F2FD2F41-2F8B-46A9-A2A2-C0F685DDA3DD}.Release|Any CPU.ActiveCfg = Release|Any CPU
		{F2FD2F41-2F8B-46A9-A2A2-C0F685DDA3DD}.Release|Any CPU.Build.0 = Release|Any CPU
		{DA1E5976-A365-4057-A0D9-37A62962A058}.Debug|Any CPU.ActiveCfg = Debug|Any CPU
		{DA1E5976-A365-4057-A0D9-37A62962A058}.Debug|Any CPU.Build.0 = Debug|Any CPU
		{DA1E5976-A365-4057-A0D9-37A62962A058}.Release|Any CPU.ActiveCfg = Release|Any CPU
		{DA1E5976-A365-4057-A0D9-37A62962A058}.Release|Any CPU.Build.0 = Release|Any CPU
		{9D1205A4-073C-4DF8-A316-6C0CA5C3DCC2}.Debug|Any CPU.ActiveCfg = Debug|Any CPU
		{9D1205A4-073C-4DF8-A316-6C0CA5C3DCC2}.Debug|Any CPU.Build.0 = Debug|Any CPU
		{9D1205A4-073C-4DF8-A316-6C0CA5C3DCC2}.Release|Any CPU.ActiveCfg = Release|Any CPU
		{9D1205A4-073C-4DF8-A316-6C0CA5C3DCC2}.Release|Any CPU.Build.0 = Release|Any CPU
		{3AB9344B-0BE0-4916-BAF1-1EC42BE1547C}.Debug|Any CPU.ActiveCfg = Debug|Any CPU
		{3AB9344B-0BE0-4916-BAF1-1EC42BE1547C}.Debug|Any CPU.Build.0 = Debug|Any CPU
		{3AB9344B-0BE0-4916-BAF1-1EC42BE1547C}.Release|Any CPU.ActiveCfg = Release|Any CPU
		{3AB9344B-0BE0-4916-BAF1-1EC42BE1547C}.Release|Any CPU.Build.0 = Release|Any CPU
		{E70A32D5-4776-443B-9A13-327A2E9283AE}.Debug|Any CPU.ActiveCfg = Debug|Any CPU
		{E70A32D5-4776-443B-9A13-327A2E9283AE}.Debug|Any CPU.Build.0 = Debug|Any CPU
		{E70A32D5-4776-443B-9A13-327A2E9283AE}.Release|Any CPU.ActiveCfg = Release|Any CPU
		{E70A32D5-4776-443B-9A13-327A2E9283AE}.Release|Any CPU.Build.0 = Release|Any CPU
	EndGlobalSection
	GlobalSection(SolutionProperties) = preSolution
		HideSolutionNode = FALSE
	EndGlobalSection
	GlobalSection(ExtensibilityGlobals) = postSolution
		SolutionGuid = {7C6F70B9-CDFD-4225-8813-A1CB26F81209}
	EndGlobalSection
EndGlobal
