
Microsoft Visual Studio Solution File, Format Version 12.00
# Visual Studio Version 16
VisualStudioVersion = 16.0.31424.327
MinimumVisualStudioVersion = 10.0.40219.1
Project("{FAE04EC0-301F-11D3-BF4B-00C04F79EFBC}") = "01.NumberPyramid", "01.NumberPyramid\01.NumberPyramid.csproj", "{F922BC25-04E5-455F-A036-7BDB3EE844A6}"
EndProject
Project("{FAE04EC0-301F-11D3-BF4B-00C04F79EFBC}") = "02.EqualSumEvenOddPosition", "02.EqualSumEvenOddPosition\02.EqualSumEvenOddPosition.csproj", "{4D2537C8-4467-4048-9B79-6C73A4BD3ECA}"
EndProject
Project("{FAE04EC0-301F-11D3-BF4B-00C04F79EFBC}") = "03.SumPrimeNonPrime", "03.SumPrimeNonPrime\03.SumPrimeNonPrime.csproj", "{E2251EDC-D100-4D41-9DCE-72084C00D8A7}"
EndProject
Project("{FAE04EC0-301F-11D3-BF4B-00C04F79EFBC}") = "04.TrainTheTrainers", "04.TrainTheTrainers\04.TrainTheTrainers.csproj", "{E077DF34-3170-49B4-8568-63FAF5A23AD0}"
EndProject
Project("{FAE04EC0-301F-11D3-BF4B-00C04F79EFBC}") = "05.PasswordGenerator", "05.PasswordGenerator\05.PasswordGenerator.csproj", "{B550852D-B601-4105-8B01-CE95E48A4C8D}"
EndProject
Project("{FAE04EC0-301F-11D3-BF4B-00C04F79EFBC}") = "06.SpecialNumbers", "06.SpecialNumbers\06.SpecialNumbers.csproj", "{F1333435-E679-4CAF-A431-637B627E1B7F}"
EndProject
Global
	GlobalSection(SolutionConfigurationPlatforms) = preSolution
		Debug|Any CPU = Debug|Any CPU
		Release|Any CPU = Release|Any CPU
	EndGlobalSection
	GlobalSection(ProjectConfigurationPlatforms) = postSolution
		{F922BC25-04E5-455F-A036-7BDB3EE844A6}.Debug|Any CPU.ActiveCfg = Debug|Any CPU
		{F922BC25-04E5-455F-A036-7BDB3EE844A6}.Debug|Any CPU.Build.0 = Debug|Any CPU
		{F922BC25-04E5-455F-A036-7BDB3EE844A6}.Release|Any CPU.ActiveCfg = Release|Any CPU
		{F922BC25-04E5-455F-A036-7BDB3EE844A6}.Release|Any CPU.Build.0 = Release|Any CPU
		{4D2537C8-4467-4048-9B79-6C73A4BD3ECA}.Debug|Any CPU.ActiveCfg = Debug|Any CPU
		{4D2537C8-4467-4048-9B79-6C73A4BD3ECA}.Debug|Any CPU.Build.0 = Debug|Any CPU
		{4D2537C8-4467-4048-9B79-6C73A4BD3ECA}.Release|Any CPU.ActiveCfg = Release|Any CPU
		{4D2537C8-4467-4048-9B79-6C73A4BD3ECA}.Release|Any CPU.Build.0 = Release|Any CPU
		{E2251EDC-D100-4D41-9DCE-72084C00D8A7}.Debug|Any CPU.ActiveCfg = Debug|Any CPU
		{E2251EDC-D100-4D41-9DCE-72084C00D8A7}.Debug|Any CPU.Build.0 = Debug|Any CPU
		{E2251EDC-D100-4D41-9DCE-72084C00D8A7}.Release|Any CPU.ActiveCfg = Release|Any CPU
		{E2251EDC-D100-4D41-9DCE-72084C00D8A7}.Release|Any CPU.Build.0 = Release|Any CPU
		{E077DF34-3170-49B4-8568-63FAF5A23AD0}.Debug|Any CPU.ActiveCfg = Debug|Any CPU
		{E077DF34-3170-49B4-8568-63FAF5A23AD0}.Debug|Any CPU.Build.0 = Debug|Any CPU
		{E077DF34-3170-49B4-8568-63FAF5A23AD0}.Release|Any CPU.ActiveCfg = Release|Any CPU
		{E077DF34-3170-49B4-8568-63FAF5A23AD0}.Release|Any CPU.Build.0 = Release|Any CPU
		{B550852D-B601-4105-8B01-CE95E48A4C8D}.Debug|Any CPU.ActiveCfg = Debug|Any CPU
		{B550852D-B601-4105-8B01-CE95E48A4C8D}.Debug|Any CPU.Build.0 = Debug|Any CPU
		{B550852D-B601-4105-8B01-CE95E48A4C8D}.Release|Any CPU.ActiveCfg = Release|Any CPU
		{B550852D-B601-4105-8B01-CE95E48A4C8D}.Release|Any CPU.Build.0 = Release|Any CPU
		{F1333435-E679-4CAF-A431-637B627E1B7F}.Debug|Any CPU.ActiveCfg = Debug|Any CPU
		{F1333435-E679-4CAF-A431-637B627E1B7F}.Debug|Any CPU.Build.0 = Debug|Any CPU
		{F1333435-E679-4CAF-A431-637B627E1B7F}.Release|Any CPU.ActiveCfg = Release|Any CPU
		{F1333435-E679-4CAF-A431-637B627E1B7F}.Release|Any CPU.Build.0 = Release|Any CPU
	EndGlobalSection
	GlobalSection(SolutionProperties) = preSolution
		HideSolutionNode = FALSE
	EndGlobalSection
	GlobalSection(ExtensibilityGlobals) = postSolution
		SolutionGuid = {7C20EC05-FFDC-4567-B3AD-959FABD81A3B}
	EndGlobalSection
EndGlobal
